Microsoft Visual Studio Solution File, Format Version 12.00
# Visual Studio 2012
Project("{FAE04EC0-301F-11D3-BF4B-00C04F79EFBC}") = "RedSlug", "RedSlug.csproj", "{EEAA3FBB-8BB7-4D2E-BAD1-55FC2D0C2E1A}"
EndProject
Global
	GlobalSection(SolutionConfigurationPlatforms) = preSolution
	Debug|Any CPU = Debug|Any CPU
	ExportDebug|Any CPU = ExportDebug|Any CPU
	ExportRelease|Any CPU = ExportRelease|Any CPU
	EndGlobalSection
	GlobalSection(ProjectConfigurationPlatforms) = postSolution
		{EEAA3FBB-8BB7-4D2E-BAD1-55FC2D0C2E1A}.Debug|Any CPU.ActiveCfg = Debug|Any CPU
		{EEAA3FBB-8BB7-4D2E-BAD1-55FC2D0C2E1A}.Debug|Any CPU.Build.0 = Debug|Any CPU
		{EEAA3FBB-8BB7-4D2E-BAD1-55FC2D0C2E1A}.ExportDebug|Any CPU.ActiveCfg = ExportDebug|Any CPU
		{EEAA3FBB-8BB7-4D2E-BAD1-55FC2D0C2E1A}.ExportDebug|Any CPU.Build.0 = ExportDebug|Any CPU
		{EEAA3FBB-8BB7-4D2E-BAD1-55FC2D0C2E1A}.ExportRelease|Any CPU.ActiveCfg = ExportRelease|Any CPU
		{EEAA3FBB-8BB7-4D2E-BAD1-55FC2D0C2E1A}.ExportRelease|Any CPU.Build.0 = ExportRelease|Any CPU
	EndGlobalSection
EndGlobal
